// !$*UTF8*$!
{
	archiveVersion = 1;
	classes = {
	};
	objectVersion = 56;
	objects = {

/* Begin PBXBuildFile section */
		8BCCBCF22C1C066400E87F9A /* LandmarksApp.swift in Sources */ = {isa = PBXBuildFile; fileRef = 8BCCBCF12C1C066400E87F9A /* LandmarksApp.swift */; };
		8BCCBCF42C1C066400E87F9A /* ContentView.swift in Sources */ = {isa = PBXBuildFile; fileRef = 8BCCBCF32C1C066400E87F9A /* ContentView.swift */; };
		8BCCBCF62C1C066500E87F9A /* Assets.xcassets in Resources */ = {isa = PBXBuildFile; fileRef = 8BCCBCF52C1C066500E87F9A /* Assets.xcassets */; };
		8BCCBCF92C1C066500E87F9A /* Preview Assets.xcassets in Resources */ = {isa = PBXBuildFile; fileRef = 8BCCBCF82C1C066500E87F9A /* Preview Assets.xcassets */; };
		8BCCBD032C1C066500E87F9A /* LandmarksTests.swift in Sources */ = {isa = PBXBuildFile; fileRef = 8BCCBD022C1C066500E87F9A /* LandmarksTests.swift */; };
		8BCCBD0D2C1C066500E87F9A /* LandmarksUITests.swift in Sources */ = {isa = PBXBuildFile; fileRef = 8BCCBD0C2C1C066500E87F9A /* LandmarksUITests.swift */; };
		8BCCBD0F2C1C066500E87F9A /* LandmarksUITestsLaunchTests.swift in Sources */ = {isa = PBXBuildFile; fileRef = 8BCCBD0E2C1C066500E87F9A /* LandmarksUITestsLaunchTests.swift */; };
		8BCCBD1C2C1C090C00E87F9A /* CircleImage.swift in Sources */ = {isa = PBXBuildFile; fileRef = 8BCCBD1B2C1C090C00E87F9A /* CircleImage.swift */; };
		8BCCBD1E2C1C097800E87F9A /* MapView.swift in Sources */ = {isa = PBXBuildFile; fileRef = 8BCCBD1D2C1C097800E87F9A /* MapView.swift */; };
		8BCCBD202C1C0BD600E87F9A /* landmarkData.json in Resources */ = {isa = PBXBuildFile; fileRef = 8BCCBD1F2C1C0BD600E87F9A /* landmarkData.json */; };
		8BCCBD222C1C0BF300E87F9A /* Landmark.swift in Sources */ = {isa = PBXBuildFile; fileRef = 8BCCBD212C1C0BF300E87F9A /* Landmark.swift */; };
		8BCCBD242C1C0CE200E87F9A /* ModelData.swift in Sources */ = {isa = PBXBuildFile; fileRef = 8BCCBD232C1C0CE200E87F9A /* ModelData.swift */; };
		8BCCBD292C1C0E0F00E87F9A /* LandmarkRow.swift in Sources */ = {isa = PBXBuildFile; fileRef = 8BCCBD282C1C0E0F00E87F9A /* LandmarkRow.swift */; };
		8BCCBD2B2C1C138A00E87F9A /* LandmarkList.swift in Sources */ = {isa = PBXBuildFile; fileRef = 8BCCBD2A2C1C138A00E87F9A /* LandmarkList.swift */; };
		8BCCBD2D2C1C142C00E87F9A /* LandmarkDetail.swift in Sources */ = {isa = PBXBuildFile; fileRef = 8BCCBD2C2C1C142C00E87F9A /* LandmarkDetail.swift */; };
		8BCCBD2F2C1C1BE800E87F9A /* FavoriteButton.swift in Sources */ = {isa = PBXBuildFile; fileRef = 8BCCBD2E2C1C1BE800E87F9A /* FavoriteButton.swift */; };
		8BCCBD332C1C1E0100E87F9A /* HexagonParameters.swift in Sources */ = {isa = PBXBuildFile; fileRef = 8BCCBD322C1C1E0100E87F9A /* HexagonParameters.swift */; };
		8BCCBD352C1C1F4D00E87F9A /* BadgeBackground.swift in Sources */ = {isa = PBXBuildFile; fileRef = 8BCCBD342C1C1F4D00E87F9A /* BadgeBackground.swift */; };
		8BCCBD372C1C21C700E87F9A /* BadgeSymbol.swift in Sources */ = {isa = PBXBuildFile; fileRef = 8BCCBD362C1C21C700E87F9A /* BadgeSymbol.swift */; };
		8BCCBD392C1C221B00E87F9A /* RotatedBadgeSymbol.swift in Sources */ = {isa = PBXBuildFile; fileRef = 8BCCBD382C1C221B00E87F9A /* RotatedBadgeSymbol.swift */; };
		8BCCBD3B2C1C225C00E87F9A /* Badge.swift in Sources */ = {isa = PBXBuildFile; fileRef = 8BCCBD3A2C1C225C00E87F9A /* Badge.swift */; };
		8BCCBD3F2C1C459F00E87F9A /* hikeData.json in Resources */ = {isa = PBXBuildFile; fileRef = 8BCCBD3E2C1C459F00E87F9A /* hikeData.json */; };
		8BCCBD412C1C45C100E87F9A /* Hike.swift in Sources */ = {isa = PBXBuildFile; fileRef = 8BCCBD402C1C45C100E87F9A /* Hike.swift */; };
		8BCCBD472C1C4BAE00E87F9A /* GraphCapsule.swift in Sources */ = {isa = PBXBuildFile; fileRef = 8BCCBD422C1C4BAE00E87F9A /* GraphCapsule.swift */; };
		8BCCBD482C1C4BAE00E87F9A /* HikeDetail.swift in Sources */ = {isa = PBXBuildFile; fileRef = 8BCCBD432C1C4BAE00E87F9A /* HikeDetail.swift */; };
		8BCCBD492C1C4BAE00E87F9A /* HikeGraph.swift in Sources */ = {isa = PBXBuildFile; fileRef = 8BCCBD442C1C4BAE00E87F9A /* HikeGraph.swift */; };
		8BCCBD4A2C1C4BAE00E87F9A /* HikeView.swift in Sources */ = {isa = PBXBuildFile; fileRef = 8BCCBD452C1C4BAE00E87F9A /* HikeView.swift */; };
		8BCCBD4D2C1C4EC200E87F9A /* CategoryHome.swift in Sources */ = {isa = PBXBuildFile; fileRef = 8BCCBD4C2C1C4EC200E87F9A /* CategoryHome.swift */; };
		8BCCBD4F2C1C729100E87F9A /* CategoryRow.swift in Sources */ = {isa = PBXBuildFile; fileRef = 8BCCBD4E2C1C729100E87F9A /* CategoryRow.swift */; };
		8BCCBD512C1C739400E87F9A /* CategoryItem.swift in Sources */ = {isa = PBXBuildFile; fileRef = 8BCCBD502C1C739400E87F9A /* CategoryItem.swift */; };
		8BCCBD532C1C769500E87F9A /* Profile.swift in Sources */ = {isa = PBXBuildFile; fileRef = 8BCCBD522C1C769500E87F9A /* Profile.swift */; };
		8BCCBD562C1C773B00E87F9A /* ProfileHost.swift in Sources */ = {isa = PBXBuildFile; fileRef = 8BCCBD552C1C773B00E87F9A /* ProfileHost.swift */; };
		8BCCBD582C1C77A500E87F9A /* ProfileSummary.swift in Sources */ = {isa = PBXBuildFile; fileRef = 8BCCBD572C1C77A500E87F9A /* ProfileSummary.swift */; };
		8BCCBD5C2C1C788700E87F9A /* HikeBadge.swift in Sources */ = {isa = PBXBuildFile; fileRef = 8BCCBD5B2C1C788700E87F9A /* HikeBadge.swift */; };
		8BCCBD5E2C1C7AED00E87F9A /* ProfileEditor.swift in Sources */ = {isa = PBXBuildFile; fileRef = 8BCCBD5D2C1C7AED00E87F9A /* ProfileEditor.swift */; };
/* End PBXBuildFile section */

/* Begin PBXContainerItemProxy section */
		8BCCBCFF2C1C066500E87F9A /* PBXContainerItemProxy */ = {
			isa = PBXContainerItemProxy;
			containerPortal = 8BCCBCE62C1C066400E87F9A /* Project object */;
			proxyType = 1;
			remoteGlobalIDString = 8BCCBCED2C1C066400E87F9A;
			remoteInfo = Landmarks;
		};
		8BCCBD092C1C066500E87F9A /* PBXContainerItemProxy */ = {
			isa = PBXContainerItemProxy;
			containerPortal = 8BCCBCE62C1C066400E87F9A /* Project object */;
			proxyType = 1;
			remoteGlobalIDString = 8BCCBCED2C1C066400E87F9A;
			remoteInfo = Landmarks;
		};
/* End PBXContainerItemProxy section */

/* Begin PBXFileReference section */
		8BCCBCEE2C1C066400E87F9A /* Landmarks.app */ = {isa = PBXFileReference; explicitFileType = wrapper.application; includeInIndex = 0; path = Landmarks.app; sourceTree = BUILT_PRODUCTS_DIR; };
		8BCCBCF12C1C066400E87F9A /* LandmarksApp.swift */ = {isa = PBXFileReference; lastKnownFileType = sourcecode.swift; path = LandmarksApp.swift; sourceTree = "<group>"; };
		8BCCBCF32C1C066400E87F9A /* ContentView.swift */ = {isa = PBXFileReference; lastKnownFileType = sourcecode.swift; path = ContentView.swift; sourceTree = "<group>"; };
		8BCCBCF52C1C066500E87F9A /* Assets.xcassets */ = {isa = PBXFileReference; lastKnownFileType = folder.assetcatalog; path = Assets.xcassets; sourceTree = "<group>"; };
		8BCCBCF82C1C066500E87F9A /* Preview Assets.xcassets */ = {isa = PBXFileReference; lastKnownFileType = folder.assetcatalog; path = "Preview Assets.xcassets"; sourceTree = "<group>"; };
		8BCCBCFE2C1C066500E87F9A /* LandmarksTests.xctest */ = {isa = PBXFileReference; explicitFileType = wrapper.cfbundle; includeInIndex = 0; path = LandmarksTests.xctest; sourceTree = BUILT_PRODUCTS_DIR; };
		8BCCBD022C1C066500E87F9A /* LandmarksTests.swift */ = {isa = PBXFileReference; lastKnownFileType = sourcecode.swift; path = LandmarksTests.swift; sourceTree = "<group>"; };
		8BCCBD082C1C066500E87F9A /* LandmarksUITests.xctest */ = {isa = PBXFileReference; explicitFileType = wrapper.cfbundle; includeInIndex = 0; path = LandmarksUITests.xctest; sourceTree = BUILT_PRODUCTS_DIR; };
		8BCCBD0C2C1C066500E87F9A /* LandmarksUITests.swift */ = {isa = PBXFileReference; lastKnownFileType = sourcecode.swift; path = LandmarksUITests.swift; sourceTree = "<group>"; };
		8BCCBD0E2C1C066500E87F9A /* LandmarksUITestsLaunchTests.swift */ = {isa = PBXFileReference; lastKnownFileType = sourcecode.swift; path = LandmarksUITestsLaunchTests.swift; sourceTree = "<group>"; };
		8BCCBD1B2C1C090C00E87F9A /* CircleImage.swift */ = {isa = PBXFileReference; lastKnownFileType = sourcecode.swift; path = CircleImage.swift; sourceTree = "<group>"; };
		8BCCBD1D2C1C097800E87F9A /* MapView.swift */ = {isa = PBXFileReference; lastKnownFileType = sourcecode.swift; path = MapView.swift; sourceTree = "<group>"; };
		8BCCBD1F2C1C0BD600E87F9A /* landmarkData.json */ = {isa = PBXFileReference; fileEncoding = 4; lastKnownFileType = text.json; path = landmarkData.json; sourceTree = "<group>"; };
		8BCCBD212C1C0BF300E87F9A /* Landmark.swift */ = {isa = PBXFileReference; lastKnownFileType = sourcecode.swift; path = Landmark.swift; sourceTree = "<group>"; };
		8BCCBD232C1C0CE200E87F9A /* ModelData.swift */ = {isa = PBXFileReference; lastKnownFileType = sourcecode.swift; path = ModelData.swift; sourceTree = "<group>"; };
		8BCCBD282C1C0E0F00E87F9A /* LandmarkRow.swift */ = {isa = PBXFileReference; lastKnownFileType = sourcecode.swift; path = LandmarkRow.swift; sourceTree = "<group>"; };
		8BCCBD2A2C1C138A00E87F9A /* LandmarkList.swift */ = {isa = PBXFileReference; lastKnownFileType = sourcecode.swift; path = LandmarkList.swift; sourceTree = "<group>"; };
		8BCCBD2C2C1C142C00E87F9A /* LandmarkDetail.swift */ = {isa = PBXFileReference; lastKnownFileType = sourcecode.swift; path = LandmarkDetail.swift; sourceTree = "<group>"; };
		8BCCBD2E2C1C1BE800E87F9A /* FavoriteButton.swift */ = {isa = PBXFileReference; lastKnownFileType = sourcecode.swift; path = FavoriteButton.swift; sourceTree = "<group>"; };
		8BCCBD322C1C1E0100E87F9A /* HexagonParameters.swift */ = {isa = PBXFileReference; lastKnownFileType = sourcecode.swift; path = HexagonParameters.swift; sourceTree = "<group>"; };
		8BCCBD342C1C1F4D00E87F9A /* BadgeBackground.swift */ = {isa = PBXFileReference; lastKnownFileType = sourcecode.swift; path = BadgeBackground.swift; sourceTree = "<group>"; };
		8BCCBD362C1C21C700E87F9A /* BadgeSymbol.swift */ = {isa = PBXFileReference; lastKnownFileType = sourcecode.swift; path = BadgeSymbol.swift; sourceTree = "<group>"; };
		8BCCBD382C1C221B00E87F9A /* RotatedBadgeSymbol.swift */ = {isa = PBXFileReference; lastKnownFileType = sourcecode.swift; path = RotatedBadgeSymbol.swift; sourceTree = "<group>"; };
		8BCCBD3A2C1C225C00E87F9A /* Badge.swift */ = {isa = PBXFileReference; lastKnownFileType = sourcecode.swift; path = Badge.swift; sourceTree = "<group>"; };
		8BCCBD3E2C1C459F00E87F9A /* hikeData.json */ = {isa = PBXFileReference; fileEncoding = 4; lastKnownFileType = text.json; path = hikeData.json; sourceTree = "<group>"; };
		8BCCBD402C1C45C100E87F9A /* Hike.swift */ = {isa = PBXFileReference; lastKnownFileType = sourcecode.swift; path = Hike.swift; sourceTree = "<group>"; };
		8BCCBD422C1C4BAE00E87F9A /* GraphCapsule.swift */ = {isa = PBXFileReference; fileEncoding = 4; lastKnownFileType = sourcecode.swift; path = GraphCapsule.swift; sourceTree = "<group>"; };
		8BCCBD432C1C4BAE00E87F9A /* HikeDetail.swift */ = {isa = PBXFileReference; fileEncoding = 4; lastKnownFileType = sourcecode.swift; path = HikeDetail.swift; sourceTree = "<group>"; };
		8BCCBD442C1C4BAE00E87F9A /* HikeGraph.swift */ = {isa = PBXFileReference; fileEncoding = 4; lastKnownFileType = sourcecode.swift; path = HikeGraph.swift; sourceTree = "<group>"; };
		8BCCBD452C1C4BAE00E87F9A /* HikeView.swift */ = {isa = PBXFileReference; fileEncoding = 4; lastKnownFileType = sourcecode.swift; path = HikeView.swift; sourceTree = "<group>"; };
		8BCCBD4C2C1C4EC200E87F9A /* CategoryHome.swift */ = {isa = PBXFileReference; lastKnownFileType = sourcecode.swift; path = CategoryHome.swift; sourceTree = "<group>"; };
		8BCCBD4E2C1C729100E87F9A /* CategoryRow.swift */ = {isa = PBXFileReference; lastKnownFileType = sourcecode.swift; path = CategoryRow.swift; sourceTree = "<group>"; };
		8BCCBD502C1C739400E87F9A /* CategoryItem.swift */ = {isa = PBXFileReference; lastKnownFileType = sourcecode.swift; path = CategoryItem.swift; sourceTree = "<group>"; };
		8BCCBD522C1C769500E87F9A /* Profile.swift */ = {isa = PBXFileReference; lastKnownFileType = sourcecode.swift; path = Profile.swift; sourceTree = "<group>"; };
		8BCCBD552C1C773B00E87F9A /* ProfileHost.swift */ = {isa = PBXFileReference; lastKnownFileType = sourcecode.swift; path = ProfileHost.swift; sourceTree = "<group>"; };
		8BCCBD572C1C77A500E87F9A /* ProfileSummary.swift */ = {isa = PBXFileReference; lastKnownFileType = sourcecode.swift; path = ProfileSummary.swift; sourceTree = "<group>"; };
		8BCCBD5B2C1C788700E87F9A /* HikeBadge.swift */ = {isa = PBXFileReference; lastKnownFileType = sourcecode.swift; path = HikeBadge.swift; sourceTree = "<group>"; };
		8BCCBD5D2C1C7AED00E87F9A /* ProfileEditor.swift */ = {isa = PBXFileReference; lastKnownFileType = sourcecode.swift; path = ProfileEditor.swift; sourceTree = "<group>"; };
/* End PBXFileReference section */

/* Begin PBXFrameworksBuildPhase section */
		8BCCBCEB2C1C066400E87F9A /* Frameworks */ = {
			isa = PBXFrameworksBuildPhase;
			buildActionMask = 2147483647;
			files = (
			);
			runOnlyForDeploymentPostprocessing = 0;
		};
		8BCCBCFB2C1C066500E87F9A /* Frameworks */ = {
			isa = PBXFrameworksBuildPhase;
			buildActionMask = 2147483647;
			files = (
			);
			runOnlyForDeploymentPostprocessing = 0;
		};
		8BCCBD052C1C066500E87F9A /* Frameworks */ = {
			isa = PBXFrameworksBuildPhase;
			buildActionMask = 2147483647;
			files = (
			);
			runOnlyForDeploymentPostprocessing = 0;
		};
/* End PBXFrameworksBuildPhase section */

/* Begin PBXGroup section */
		8BCCBCE52C1C066400E87F9A = {
			isa = PBXGroup;
			children = (
				8BCCBCF02C1C066400E87F9A /* Landmarks */,
				8BCCBD012C1C066500E87F9A /* LandmarksTests */,
				8BCCBD0B2C1C066500E87F9A /* LandmarksUITests */,
				8BCCBCEF2C1C066400E87F9A /* Products */,
			);
			sourceTree = "<group>";
		};
		8BCCBCEF2C1C066400E87F9A /* Products */ = {
			isa = PBXGroup;
			children = (
				8BCCBCEE2C1C066400E87F9A /* Landmarks.app */,
				8BCCBCFE2C1C066500E87F9A /* LandmarksTests.xctest */,
				8BCCBD082C1C066500E87F9A /* LandmarksUITests.xctest */,
			);
			name = Products;
			sourceTree = "<group>";
		};
		8BCCBCF02C1C066400E87F9A /* Landmarks */ = {
			isa = PBXGroup;
			children = (
				8BCCBD252C1C0D8B00E87F9A /* Views */,
				8BCCBD262C1C0D9E00E87F9A /* Model */,
				8BCCBD272C1C0DB800E87F9A /* Resources */,
				8BCCBCF12C1C066400E87F9A /* LandmarksApp.swift */,
				8BCCBCF52C1C066500E87F9A /* Assets.xcassets */,
				8BCCBCF72C1C066500E87F9A /* Preview Content */,
			);
			path = Landmarks;
			sourceTree = "<group>";
		};
		8BCCBCF72C1C066500E87F9A /* Preview Content */ = {
			isa = PBXGroup;
			children = (
				8BCCBCF82C1C066500E87F9A /* Preview Assets.xcassets */,
			);
			path = "Preview Content";
			sourceTree = "<group>";
		};
		8BCCBD012C1C066500E87F9A /* LandmarksTests */ = {
			isa = PBXGroup;
			children = (
				8BCCBD022C1C066500E87F9A /* LandmarksTests.swift */,
			);
			path = LandmarksTests;
			sourceTree = "<group>";
		};
		8BCCBD0B2C1C066500E87F9A /* LandmarksUITests */ = {
			isa = PBXGroup;
			children = (
				8BCCBD0C2C1C066500E87F9A /* LandmarksUITests.swift */,
				8BCCBD0E2C1C066500E87F9A /* LandmarksUITestsLaunchTests.swift */,
			);
			path = LandmarksUITests;
			sourceTree = "<group>";
		};
		8BCCBD252C1C0D8B00E87F9A /* Views */ = {
			isa = PBXGroup;
			children = (
				8BCCBCF32C1C066400E87F9A /* ContentView.swift */,
				8BCCBD542C1C771200E87F9A /* Profiles */,
				8BCCBD4B2C1C4EA200E87F9A /* Categories */,
				8BCCBD462C1C4BAE00E87F9A /* Hikes */,
				8BCCBD302C1C1C6A00E87F9A /* Landmarks */,
				8BCCBD3D2C1C235A00E87F9A /* Badges */,
				8BCCBD312C1C1C7900E87F9A /* Helper */,
			);
			path = Views;
			sourceTree = "<group>";
		};
		8BCCBD262C1C0D9E00E87F9A /* Model */ = {
			isa = PBXGroup;
			children = (
				8BCCBD212C1C0BF300E87F9A /* Landmark.swift */,
				8BCCBD232C1C0CE200E87F9A /* ModelData.swift */,
				8BCCBD402C1C45C100E87F9A /* Hike.swift */,
				8BCCBD522C1C769500E87F9A /* Profile.swift */,
			);
			path = Model;
			sourceTree = "<group>";
		};
		8BCCBD272C1C0DB800E87F9A /* Resources */ = {
			isa = PBXGroup;
			children = (
				8BCCBD3E2C1C459F00E87F9A /* hikeData.json */,
				8BCCBD1F2C1C0BD600E87F9A /* landmarkData.json */,
			);
			path = Resources;
			sourceTree = "<group>";
		};
		8BCCBD302C1C1C6A00E87F9A /* Landmarks */ = {
			isa = PBXGroup;
			children = (
				8BCCBD282C1C0E0F00E87F9A /* LandmarkRow.swift */,
				8BCCBD2A2C1C138A00E87F9A /* LandmarkList.swift */,
				8BCCBD2C2C1C142C00E87F9A /* LandmarkDetail.swift */,
			);
			path = Landmarks;
			sourceTree = "<group>";
		};
		8BCCBD312C1C1C7900E87F9A /* Helper */ = {
			isa = PBXGroup;
			children = (
				8BCCBD1B2C1C090C00E87F9A /* CircleImage.swift */,
				8BCCBD1D2C1C097800E87F9A /* MapView.swift */,
				8BCCBD2E2C1C1BE800E87F9A /* FavoriteButton.swift */,
			);
			path = Helper;
			sourceTree = "<group>";
		};
		8BCCBD3D2C1C235A00E87F9A /* Badges */ = {
			isa = PBXGroup;
			children = (
				8BCCBD362C1C21C700E87F9A /* BadgeSymbol.swift */,
				8BCCBD322C1C1E0100E87F9A /* HexagonParameters.swift */,
				8BCCBD342C1C1F4D00E87F9A /* BadgeBackground.swift */,
				8BCCBD382C1C221B00E87F9A /* RotatedBadgeSymbol.swift */,
				8BCCBD3A2C1C225C00E87F9A /* Badge.swift */,
			);
			path = Badges;
			sourceTree = "<group>";
		};
		8BCCBD462C1C4BAE00E87F9A /* Hikes */ = {
			isa = PBXGroup;
			children = (
				8BCCBD422C1C4BAE00E87F9A /* GraphCapsule.swift */,
				8BCCBD432C1C4BAE00E87F9A /* HikeDetail.swift */,
				8BCCBD442C1C4BAE00E87F9A /* HikeGraph.swift */,
				8BCCBD452C1C4BAE00E87F9A /* HikeView.swift */,
				8BCCBD5B2C1C788700E87F9A /* HikeBadge.swift */,
			);
			path = Hikes;
			sourceTree = "<group>";
		};
		8BCCBD4B2C1C4EA200E87F9A /* Categories */ = {
			isa = PBXGroup;
			children = (
				8BCCBD4C2C1C4EC200E87F9A /* CategoryHome.swift */,
				8BCCBD4E2C1C729100E87F9A /* CategoryRow.swift */,
				8BCCBD502C1C739400E87F9A /* CategoryItem.swift */,
			);
			path = Categories;
			sourceTree = "<group>";
		};
		8BCCBD542C1C771200E87F9A /* Profiles */ = {
			isa = PBXGroup;
			children = (
				8BCCBD552C1C773B00E87F9A /* ProfileHost.swift */,
				8BCCBD572C1C77A500E87F9A /* ProfileSummary.swift */,
				8BCCBD5D2C1C7AED00E87F9A /* ProfileEditor.swift */,
			);
			path = Profiles;
			sourceTree = "<group>";
		};
/* End PBXGroup section */

/* Begin PBXNativeTarget section */
		8BCCBCED2C1C066400E87F9A /* Landmarks */ = {
			isa = PBXNativeTarget;
			buildConfigurationList = 8BCCBD122C1C066500E87F9A /* Build configuration list for PBXNativeTarget "Landmarks" */;
			buildPhases = (
				8BCCBCEA2C1C066400E87F9A /* Sources */,
				8BCCBCEB2C1C066400E87F9A /* Frameworks */,
				8BCCBCEC2C1C066400E87F9A /* Resources */,
			);
			buildRules = (
			);
			dependencies = (
			);
			name = Landmarks;
			productName = Landmarks;
			productReference = 8BCCBCEE2C1C066400E87F9A /* Landmarks.app */;
			productType = "com.apple.product-type.application";
		};
		8BCCBCFD2C1C066500E87F9A /* LandmarksTests */ = {
			isa = PBXNativeTarget;
			buildConfigurationList = 8BCCBD152C1C066500E87F9A /* Build configuration list for PBXNativeTarget "LandmarksTests" */;
			buildPhases = (
				8BCCBCFA2C1C066500E87F9A /* Sources */,
				8BCCBCFB2C1C066500E87F9A /* Frameworks */,
				8BCCBCFC2C1C066500E87F9A /* Resources */,
			);
			buildRules = (
			);
			dependencies = (
				8BCCBD002C1C066500E87F9A /* PBXTargetDependency */,
			);
			name = LandmarksTests;
			productName = LandmarksTests;
			productReference = 8BCCBCFE2C1C066500E87F9A /* LandmarksTests.xctest */;
			productType = "com.apple.product-type.bundle.unit-test";
		};
		8BCCBD072C1C066500E87F9A /* LandmarksUITests */ = {
			isa = PBXNativeTarget;
			buildConfigurationList = 8BCCBD182C1C066500E87F9A /* Build configuration list for PBXNativeTarget "LandmarksUITests" */;
			buildPhases = (
				8BCCBD042C1C066500E87F9A /* Sources */,
				8BCCBD052C1C066500E87F9A /* Frameworks */,
				8BCCBD062C1C066500E87F9A /* Resources */,
			);
			buildRules = (
			);
			dependencies = (
				8BCCBD0A2C1C066500E87F9A /* PBXTargetDependency */,
			);
			name = LandmarksUITests;
			productName = LandmarksUITests;
			productReference = 8BCCBD082C1C066500E87F9A /* LandmarksUITests.xctest */;
			productType = "com.apple.product-type.bundle.ui-testing";
		};
/* End PBXNativeTarget section */

/* Begin PBXProject section */
		8BCCBCE62C1C066400E87F9A /* Project object */ = {
			isa = PBXProject;
			attributes = {
				BuildIndependentTargetsInParallel = 1;
				LastSwiftUpdateCheck = 1540;
				LastUpgradeCheck = 1540;
				TargetAttributes = {
					8BCCBCED2C1C066400E87F9A = {
						CreatedOnToolsVersion = 15.4;
					};
					8BCCBCFD2C1C066500E87F9A = {
						CreatedOnToolsVersion = 15.4;
						TestTargetID = 8BCCBCED2C1C066400E87F9A;
					};
					8BCCBD072C1C066500E87F9A = {
						CreatedOnToolsVersion = 15.4;
						TestTargetID = 8BCCBCED2C1C066400E87F9A;
					};
				};
			};
			buildConfigurationList = 8BCCBCE92C1C066400E87F9A /* Build configuration list for PBXProject "Landmarks" */;
			compatibilityVersion = "Xcode 14.0";
			developmentRegion = en;
			hasScannedForEncodings = 0;
			knownRegions = (
				en,
				Base,
			);
			mainGroup = 8BCCBCE52C1C066400E87F9A;
			productRefGroup = 8BCCBCEF2C1C066400E87F9A /* Products */;
			projectDirPath = "";
			projectRoot = "";
			targets = (
				8BCCBCED2C1C066400E87F9A /* Landmarks */,
				8BCCBCFD2C1C066500E87F9A /* LandmarksTests */,
				8BCCBD072C1C066500E87F9A /* LandmarksUITests */,
			);
		};
/* End PBXProject section */

/* Begin PBXResourcesBuildPhase section */
		8BCCBCEC2C1C066400E87F9A /* Resources */ = {
			isa = PBXResourcesBuildPhase;
			buildActionMask = 2147483647;
			files = (
				8BCCBD3F2C1C459F00E87F9A /* hikeData.json in Resources */,
				8BCCBCF92C1C066500E87F9A /* Preview Assets.xcassets in Resources */,
				8BCCBCF62C1C066500E87F9A /* Assets.xcassets in Resources */,
				8BCCBD202C1C0BD600E87F9A /* landmarkData.json in Resources */,
			);
			runOnlyForDeploymentPostprocessing = 0;
		};
		8BCCBCFC2C1C066500E87F9A /* Resources */ = {
			isa = PBXResourcesBuildPhase;
			buildActionMask = 2147483647;
			files = (
			);
			runOnlyForDeploymentPostprocessing = 0;
		};
		8BCCBD062C1C066500E87F9A /* Resources */ = {
			isa = PBXResourcesBuildPhase;
			buildActionMask = 2147483647;
			files = (
			);
			runOnlyForDeploymentPostprocessing = 0;
		};
/* End PBXResourcesBuildPhase section */

/* Begin PBXSourcesBuildPhase section */
		8BCCBCEA2C1C066400E87F9A /* Sources */ = {
			isa = PBXSourcesBuildPhase;
			buildActionMask = 2147483647;
			files = (
				8BCCBD4F2C1C729100E87F9A /* CategoryRow.swift in Sources */,
				8BCCBD532C1C769500E87F9A /* Profile.swift in Sources */,
				8BCCBCF42C1C066400E87F9A /* ContentView.swift in Sources */,
				8BCCBD4D2C1C4EC200E87F9A /* CategoryHome.swift in Sources */,
				8BCCBD3B2C1C225C00E87F9A /* Badge.swift in Sources */,
				8BCCBD1E2C1C097800E87F9A /* MapView.swift in Sources */,
				8BCCBD472C1C4BAE00E87F9A /* GraphCapsule.swift in Sources */,
				8BCCBD492C1C4BAE00E87F9A /* HikeGraph.swift in Sources */,
				8BCCBCF22C1C066400E87F9A /* LandmarksApp.swift in Sources */,
				8BCCBD562C1C773B00E87F9A /* ProfileHost.swift in Sources */,
				8BCCBD2F2C1C1BE800E87F9A /* FavoriteButton.swift in Sources */,
				8BCCBD512C1C739400E87F9A /* CategoryItem.swift in Sources */,
				8BCCBD582C1C77A500E87F9A /* ProfileSummary.swift in Sources */,
				8BCCBD332C1C1E0100E87F9A /* HexagonParameters.swift in Sources */,
				8BCCBD412C1C45C100E87F9A /* Hike.swift in Sources */,
				8BCCBD392C1C221B00E87F9A /* RotatedBadgeSymbol.swift in Sources */,
				8BCCBD372C1C21C700E87F9A /* BadgeSymbol.swift in Sources */,
				8BCCBD2B2C1C138A00E87F9A /* LandmarkList.swift in Sources */,
				8BCCBD5E2C1C7AED00E87F9A /* ProfileEditor.swift in Sources */,
				8BCCBD482C1C4BAE00E87F9A /* HikeDetail.swift in Sources */,
				8BCCBD4A2C1C4BAE00E87F9A /* HikeView.swift in Sources */,
				8BCCBD2D2C1C142C00E87F9A /* LandmarkDetail.swift in Sources */,
				8BCCBD352C1C1F4D00E87F9A /* BadgeBackground.swift in Sources */,
				8BCCBD5C2C1C788700E87F9A /* HikeBadge.swift in Sources */,
				8BCCBD1C2C1C090C00E87F9A /* CircleImage.swift in Sources */,
				8BCCBD222C1C0BF300E87F9A /* Landmark.swift in Sources */,
				8BCCBD292C1C0E0F00E87F9A /* LandmarkRow.swift in Sources */,
				8BCCBD242C1C0CE200E87F9A /* ModelData.swift in Sources */,
			);
			runOnlyForDeploymentPostprocessing = 0;
		};
		8BCCBCFA2C1C066500E87F9A /* Sources */ = {
			isa = PBXSourcesBuildPhase;
			buildActionMask = 2147483647;
			files = (
				8BCCBD032C1C066500E87F9A /* LandmarksTests.swift in Sources */,
			);
			runOnlyForDeploymentPostprocessing = 0;
		};
		8BCCBD042C1C066500E87F9A /* Sources */ = {
			isa = PBXSourcesBuildPhase;
			buildActionMask = 2147483647;
			files = (
				8BCCBD0F2C1C066500E87F9A /* LandmarksUITestsLaunchTests.swift in Sources */,
				8BCCBD0D2C1C066500E87F9A /* LandmarksUITests.swift in Sources */,
			);
			runOnlyForDeploymentPostprocessing = 0;
		};
/* End PBXSourcesBuildPhase section */

/* Begin PBXTargetDependency section */
		8BCCBD002C1C066500E87F9A /* PBXTargetDependency */ = {
			isa = PBXTargetDependency;
			target = 8BCCBCED2C1C066400E87F9A /* Landmarks */;
			targetProxy = 8BCCBCFF2C1C066500E87F9A /* PBXContainerItemProxy */;
		};
		8BCCBD0A2C1C066500E87F9A /* PBXTargetDependency */ = {
			isa = PBXTargetDependency;
			target = 8BCCBCED2C1C066400E87F9A /* Landmarks */;
			targetProxy = 8BCCBD092C1C066500E87F9A /* PBXContainerItemProxy */;
		};
/* End PBXTargetDependency section */

/* Begin XCBuildConfiguration section */
		8BCCBD102C1C066500E87F9A /* Debug */ = {
			isa = XCBuildConfiguration;
			buildSettings = {
				ALWAYS_SEARCH_USER_PATHS = NO;
				ASSETCATALOG_COMPILER_GENERATE_SWIFT_ASSET_SYMBOL_EXTENSIONS = YES;
				CLANG_ANALYZER_NONNULL = YES;
				CLANG_ANALYZER_NUMBER_OBJECT_CONVERSION = YES_AGGRESSIVE;
				CLANG_CXX_LANGUAGE_STANDARD = "gnu++20";
				CLANG_ENABLE_MODULES = YES;
				CLANG_ENABLE_OBJC_ARC = YES;
				CLANG_ENABLE_OBJC_WEAK = YES;
				CLANG_WARN_BLOCK_CAPTURE_AUTORELEASING = YES;
				CLANG_WARN_BOOL_CONVERSION = YES;
				CLANG_WARN_COMMA = YES;
				CLANG_WARN_CONSTANT_CONVERSION = YES;
				CLANG_WARN_DEPRECATED_OBJC_IMPLEMENTATIONS = YES;
				CLANG_WARN_DIRECT_OBJC_ISA_USAGE = YES_ERROR;
				CLANG_WARN_DOCUMENTATION_COMMENTS = YES;
				CLANG_WARN_EMPTY_BODY = YES;
				CLANG_WARN_ENUM_CONVERSION = YES;
				CLANG_WARN_INFINITE_RECURSION = YES;
				CLANG_WARN_INT_CONVERSION = YES;
				CLANG_WARN_NON_LITERAL_NULL_CONVERSION = YES;
				CLANG_WARN_OBJC_IMPLICIT_RETAIN_SELF = YES;
				CLANG_WARN_OBJC_LITERAL_CONVERSION = YES;
				CLANG_WARN_OBJC_ROOT_CLASS = YES_ERROR;
				CLANG_WARN_QUOTED_INCLUDE_IN_FRAMEWORK_HEADER = YES;
				CLANG_WARN_RANGE_LOOP_ANALYSIS = YES;
				CLANG_WARN_STRICT_PROTOTYPES = YES;
				CLANG_WARN_SUSPICIOUS_MOVE = YES;
				CLANG_WARN_UNGUARDED_AVAILABILITY = YES_AGGRESSIVE;
				CLANG_WARN_UNREACHABLE_CODE = YES;
				CLANG_WARN__DUPLICATE_METHOD_MATCH = YES;
				COPY_PHASE_STRIP = NO;
				DEBUG_INFORMATION_FORMAT = dwarf;
				ENABLE_STRICT_OBJC_MSGSEND = YES;
				ENABLE_TESTABILITY = YES;
				ENABLE_USER_SCRIPT_SANDBOXING = YES;
				GCC_C_LANGUAGE_STANDARD = gnu17;
				GCC_DYNAMIC_NO_PIC = NO;
				GCC_NO_COMMON_BLOCKS = YES;
				GCC_OPTIMIZATION_LEVEL = 0;
				GCC_PREPROCESSOR_DEFINITIONS = (
					"DEBUG=1",
					"$(inherited)",
				);
				GCC_WARN_64_TO_32_BIT_CONVERSION = YES;
				GCC_WARN_ABOUT_RETURN_TYPE = YES_ERROR;
				GCC_WARN_UNDECLARED_SELECTOR = YES;
				GCC_WARN_UNINITIALIZED_AUTOS = YES_AGGRESSIVE;
				GCC_WARN_UNUSED_FUNCTION = YES;
				GCC_WARN_UNUSED_VARIABLE = YES;
				IPHONEOS_DEPLOYMENT_TARGET = 17.5;
				LOCALIZATION_PREFERS_STRING_CATALOGS = YES;
				MTL_ENABLE_DEBUG_INFO = INCLUDE_SOURCE;
				MTL_FAST_MATH = YES;
				ONLY_ACTIVE_ARCH = YES;
				SDKROOT = iphoneos;
				SWIFT_ACTIVE_COMPILATION_CONDITIONS = "DEBUG $(inherited)";
				SWIFT_OPTIMIZATION_LEVEL = "-Onone";
			};
			name = Debug;
		};
		8BCCBD112C1C066500E87F9A /* Release */ = {
			isa = XCBuildConfiguration;
			buildSettings = {
				ALWAYS_SEARCH_USER_PATHS = NO;
				ASSETCATALOG_COMPILER_GENERATE_SWIFT_ASSET_SYMBOL_EXTENSIONS = YES;
				CLANG_ANALYZER_NONNULL = YES;
				CLANG_ANALYZER_NUMBER_OBJECT_CONVERSION = YES_AGGRESSIVE;
				CLANG_CXX_LANGUAGE_STANDARD = "gnu++20";
				CLANG_ENABLE_MODULES = YES;
				CLANG_ENABLE_OBJC_ARC = YES;
				CLANG_ENABLE_OBJC_WEAK = YES;
				CLANG_WARN_BLOCK_CAPTURE_AUTORELEASING = YES;
				CLANG_WARN_BOOL_CONVERSION = YES;
				CLANG_WARN_COMMA = YES;
				CLANG_WARN_CONSTANT_CONVERSION = YES;
				CLANG_WARN_DEPRECATED_OBJC_IMPLEMENTATIONS = YES;
				CLANG_WARN_DIRECT_OBJC_ISA_USAGE = YES_ERROR;
				CLANG_WARN_DOCUMENTATION_COMMENTS = YES;
				CLANG_WARN_EMPTY_BODY = YES;
				CLANG_WARN_ENUM_CONVERSION = YES;
				CLANG_WARN_INFINITE_RECURSION = YES;
				CLANG_WARN_INT_CONVERSION = YES;
				CLANG_WARN_NON_LITERAL_NULL_CONVERSION = YES;
				CLANG_WARN_OBJC_IMPLICIT_RETAIN_SELF = YES;
				CLANG_WARN_OBJC_LITERAL_CONVERSION = YES;
				CLANG_WARN_OBJC_ROOT_CLASS = YES_ERROR;
				CLANG_WARN_QUOTED_INCLUDE_IN_FRAMEWORK_HEADER = YES;
				CLANG_WARN_RANGE_LOOP_ANALYSIS = YES;
				CLANG_WARN_STRICT_PROTOTYPES = YES;
				CLANG_WARN_SUSPICIOUS_MOVE = YES;
				CLANG_WARN_UNGUARDED_AVAILABILITY = YES_AGGRESSIVE;
				CLANG_WARN_UNREACHABLE_CODE = YES;
				CLANG_WARN__DUPLICATE_METHOD_MATCH = YES;
				COPY_PHASE_STRIP = NO;
				DEBUG_INFORMATION_FORMAT = "dwarf-with-dsym";
				ENABLE_NS_ASSERTIONS = NO;
				ENABLE_STRICT_OBJC_MSGSEND = YES;
				ENABLE_USER_SCRIPT_SANDBOXING = YES;
				GCC_C_LANGUAGE_STANDARD = gnu17;
				GCC_NO_COMMON_BLOCKS = YES;
				GCC_WARN_64_TO_32_BIT_CONVERSION = YES;
				GCC_WARN_ABOUT_RETURN_TYPE = YES_ERROR;
				GCC_WARN_UNDECLARED_SELECTOR = YES;
				GCC_WARN_UNINITIALIZED_AUTOS = YES_AGGRESSIVE;
				GCC_WARN_UNUSED_FUNCTION = YES;
				GCC_WARN_UNUSED_VARIABLE = YES;
				IPHONEOS_DEPLOYMENT_TARGET = 17.5;
				LOCALIZATION_PREFERS_STRING_CATALOGS = YES;
				MTL_ENABLE_DEBUG_INFO = NO;
				MTL_FAST_MATH = YES;
				SDKROOT = iphoneos;
				SWIFT_COMPILATION_MODE = wholemodule;
				VALIDATE_PRODUCT = YES;
			};
			name = Release;
		};
		8BCCBD132C1C066500E87F9A /* Debug */ = {
			isa = XCBuildConfiguration;
			buildSettings = {
				ASSETCATALOG_COMPILER_APPICON_NAME = AppIcon;
				ASSETCATALOG_COMPILER_GLOBAL_ACCENT_COLOR_NAME = AccentColor;
				CODE_SIGN_STYLE = Automatic;
				CURRENT_PROJECT_VERSION = 1;
				DEVELOPMENT_ASSET_PATHS = "\"Landmarks/Preview Content\"";
				DEVELOPMENT_TEAM = DUH23BGGM7;
				ENABLE_PREVIEWS = YES;
				GENERATE_INFOPLIST_FILE = YES;
				INFOPLIST_KEY_UIApplicationSceneManifest_Generation = YES;
				INFOPLIST_KEY_UIApplicationSupportsIndirectInputEvents = YES;
				INFOPLIST_KEY_UILaunchScreen_Generation = YES;
				INFOPLIST_KEY_UISupportedInterfaceOrientations_iPad = "UIInterfaceOrientationPortrait UIInterfaceOrientationPortraitUpsideDown UIInterfaceOrientationLandscapeLeft UIInterfaceOrientationLandscapeRight";
				INFOPLIST_KEY_UISupportedInterfaceOrientations_iPhone = "UIInterfaceOrientationPortrait UIInterfaceOrientationLandscapeLeft UIInterfaceOrientationLandscapeRight";
				LD_RUNPATH_SEARCH_PATHS = (
					"$(inherited)",
					"@executable_path/Frameworks",
				);
				MARKETING_VERSION = 1.0;
				PRODUCT_BUNDLE_IDENTIFIER = enkhjargal.me.Landmarks;
				PRODUCT_NAME = "$(TARGET_NAME)";
				SWIFT_EMIT_LOC_STRINGS = YES;
				SWIFT_VERSION = 5.0;
				TARGETED_DEVICE_FAMILY = "1,2";
			};
			name = Debug;
		};
		8BCCBD142C1C066500E87F9A /* Release */ = {
			isa = XCBuildConfiguration;
			buildSettings = {
				ASSETCATALOG_COMPILER_APPICON_NAME = AppIcon;
				ASSETCATALOG_COMPILER_GLOBAL_ACCENT_COLOR_NAME = AccentColor;
				CODE_SIGN_STYLE = Automatic;
				CURRENT_PROJECT_VERSION = 1;
				DEVELOPMENT_ASSET_PATHS = "\"Landmarks/Preview Content\"";
				DEVELOPMENT_TEAM = DUH23BGGM7;
				ENABLE_PREVIEWS = YES;
				GENERATE_INFOPLIST_FILE = YES;
				INFOPLIST_KEY_UIApplicationSceneManifest_Generation = YES;
				INFOPLIST_KEY_UIApplicationSupportsIndirectInputEvents = YES;
				INFOPLIST_KEY_UILaunchScreen_Generation = YES;
				INFOPLIST_KEY_UISupportedInterfaceOrientations_iPad = "UIInterfaceOrientationPortrait UIInterfaceOrientationPortraitUpsideDown UIInterfaceOrientationLandscapeLeft UIInterfaceOrientationLandscapeRight";
				INFOPLIST_KEY_UISupportedInterfaceOrientations_iPhone = "UIInterfaceOrientationPortrait UIInterfaceOrientationLandscapeLeft UIInterfaceOrientationLandscapeRight";
				LD_RUNPATH_SEARCH_PATHS = (
					"$(inherited)",
					"@executable_path/Frameworks",
				);
				MARKETING_VERSION = 1.0;
				PRODUCT_BUNDLE_IDENTIFIER = enkhjargal.me.Landmarks;
				PRODUCT_NAME = "$(TARGET_NAME)";
				SWIFT_EMIT_LOC_STRINGS = YES;
				SWIFT_VERSION = 5.0;
				TARGETED_DEVICE_FAMILY = "1,2";
			};
			name = Release;
		};
		8BCCBD162C1C066500E87F9A /* Debug */ = {
			isa = XCBuildConfiguration;
			buildSettings = {
				ALWAYS_EMBED_SWIFT_STANDARD_LIBRARIES = YES;
				BUNDLE_LOADER = "$(TEST_HOST)";
				CODE_SIGN_STYLE = Automatic;
				CURRENT_PROJECT_VERSION = 1;
				DEVELOPMENT_TEAM = DUH23BGGM7;
				GENERATE_INFOPLIST_FILE = YES;
				IPHONEOS_DEPLOYMENT_TARGET = 17.5;
				MARKETING_VERSION = 1.0;
				PRODUCT_BUNDLE_IDENTIFIER = enkhjargal.me.LandmarksTests;
				PRODUCT_NAME = "$(TARGET_NAME)";
				SWIFT_EMIT_LOC_STRINGS = NO;
				SWIFT_VERSION = 5.0;
				TARGETED_DEVICE_FAMILY = "1,2";
				TEST_HOST = "$(BUILT_PRODUCTS_DIR)/Landmarks.app/$(BUNDLE_EXECUTABLE_FOLDER_PATH)/Landmarks";
			};
			name = Debug;
		};
		8BCCBD172C1C066500E87F9A /* Release */ = {
			isa = XCBuildConfiguration;
			buildSettings = {
				ALWAYS_EMBED_SWIFT_STANDARD_LIBRARIES = YES;
				BUNDLE_LOADER = "$(TEST_HOST)";
				CODE_SIGN_STYLE = Automatic;
				CURRENT_PROJECT_VERSION = 1;
				DEVELOPMENT_TEAM = DUH23BGGM7;
				GENERATE_INFOPLIST_FILE = YES;
				IPHONEOS_DEPLOYMENT_TARGET = 17.5;
				MARKETING_VERSION = 1.0;
				PRODUCT_BUNDLE_IDENTIFIER = enkhjargal.me.LandmarksTests;
				PRODUCT_NAME = "$(TARGET_NAME)";
				SWIFT_EMIT_LOC_STRINGS = NO;
				SWIFT_VERSION = 5.0;
				TARGETED_DEVICE_FAMILY = "1,2";
				TEST_HOST = "$(BUILT_PRODUCTS_DIR)/Landmarks.app/$(BUNDLE_EXECUTABLE_FOLDER_PATH)/Landmarks";
			};
			name = Release;
		};
		8BCCBD192C1C066500E87F9A /* Debug */ = {
			isa = XCBuildConfiguration;
			buildSettings = {
				ALWAYS_EMBED_SWIFT_STANDARD_LIBRARIES = YES;
				CODE_SIGN_STYLE = Automatic;
				CURRENT_PROJECT_VERSION = 1;
				DEVELOPMENT_TEAM = DUH23BGGM7;
				GENERATE_INFOPLIST_FILE = YES;
				MARKETING_VERSION = 1.0;
				PRODUCT_BUNDLE_IDENTIFIER = enkhjargal.me.LandmarksUITests;
				PRODUCT_NAME = "$(TARGET_NAME)";
				SWIFT_EMIT_LOC_STRINGS = NO;
				SWIFT_VERSION = 5.0;
				TARGETED_DEVICE_FAMILY = "1,2";
				TEST_TARGET_NAME = Landmarks;
			};
			name = Debug;
		};
		8BCCBD1A2C1C066500E87F9A /* Release */ = {
			isa = XCBuildConfiguration;
			buildSettings = {
				ALWAYS_EMBED_SWIFT_STANDARD_LIBRARIES = YES;
				CODE_SIGN_STYLE = Automatic;
				CURRENT_PROJECT_VERSION = 1;
				DEVELOPMENT_TEAM = DUH23BGGM7;
				GENERATE_INFOPLIST_FILE = YES;
				MARKETING_VERSION = 1.0;
				PRODUCT_BUNDLE_IDENTIFIER = enkhjargal.me.LandmarksUITests;
				PRODUCT_NAME = "$(TARGET_NAME)";
				SWIFT_EMIT_LOC_STRINGS = NO;
				SWIFT_VERSION = 5.0;
				TARGETED_DEVICE_FAMILY = "1,2";
				TEST_TARGET_NAME = Landmarks;
			};
			name = Release;
		};
/* End XCBuildConfiguration section */

/* Begin XCConfigurationList section */
		8BCCBCE92C1C066400E87F9A /* Build configuration list for PBXProject "Landmarks" */ = {
			isa = XCConfigurationList;
			buildConfigurations = (
				8BCCBD102C1C066500E87F9A /* Debug */,
				8BCCBD112C1C066500E87F9A /* Release */,
			);
			defaultConfigurationIsVisible = 0;
			defaultConfigurationName = Release;
		};
		8BCCBD122C1C066500E87F9A /* Build configuration list for PBXNativeTarget "Landmarks" */ = {
			isa = XCConfigurationList;
			buildConfigurations = (
				8BCCBD132C1C066500E87F9A /* Debug */,
				8BCCBD142C1C066500E87F9A /* Release */,
			);
			defaultConfigurationIsVisible = 0;
			defaultConfigurationName = Release;
		};
		8BCCBD152C1C066500E87F9A /* Build configuration list for PBXNativeTarget "LandmarksTests" */ = {
			isa = XCConfigurationList;
			buildConfigurations = (
				8BCCBD162C1C066500E87F9A /* Debug */,
				8BCCBD172C1C066500E87F9A /* Release */,
			);
			defaultConfigurationIsVisible = 0;
			defaultConfigurationName = Release;
		};
		8BCCBD182C1C066500E87F9A /* Build configuration list for PBXNativeTarget "LandmarksUITests" */ = {
			isa = XCConfigurationList;
			buildConfigurations = (
				8BCCBD192C1C066500E87F9A /* Debug */,
				8BCCBD1A2C1C066500E87F9A /* Release */,
			);
			defaultConfigurationIsVisible = 0;
			defaultConfigurationName = Release;
		};
/* End XCConfigurationList section */
	};
	rootObject = 8BCCBCE62C1C066400E87F9A /* Project object */;
}
